github.com/davecgh/go-spew v1.1.1 h1:vj9j/u1bqnvCEfJOwUhtlOARqs3+rkHYY13jYWTU97c=
github.com/davecgh/go-spew v1.1.1/go.mod h1:J7Y8YcW2NihsgmVo/mv3lAwl/skON4iLHjSsI+c5H38=
github.com/google/go-cmp v0.7.0 h1:wk8382ETsv4JYUZwIsn6YpYiWiBsYLSJiTsyBybVuN8=
github.com/google/go-cmp v0.7.0/go.mod h1:pXiqmnSA92OHEEa9HXL2W4E7lf9JzCmGVUdgjX3N/iU=
github.com/pganalyze/pg_query_go/v6 v6.2.2 h1:O0L6zMC226R82RF3X5n0Ki6HjytDsoAzuzp4ATVAHNo=
github.com/pganalyze/pg_query_go/v6 v6.2.2/go.mod h1:Cn6+j4870kJz3iYNsb0VsNG04vpSWgEvBwc590J4qD0=
github.com/pmezard/go-difflib v1.0.0 h1:4DBwDE0NGyQoBHbLQYPwSUPoCMWR5BEzIk/f1lZbAQM=
github.com/pmezard/go-difflib v1.0.0/go.mod h1:iKH77koFhYxTK1pcRnkKkqfTogsbg7gZNVY4sRDYZ/4=
github.com/stretchr/testify v1.11.1 h1:7s2iGBzp5EwR7/aIZr8ao5+dra3wiQyKjjFuvgVKu7U=
github.com/stretchr/testify v1.11.1/go.mod h1:wZwfW3scLgRK+23gO65QZefKpKQRnfz6sD981Nm4B6U=
github.com/tetratelabs/wazero v1.12.0 h1:DuWcpNu/FzgEXgGBDp8J1Spc+CWOvvtvVyjKlaZopYU=
github.com/tetratelabs/wazero v1.12.0/go.mod h1:LvKtzl2RqO4gyF27BiXU+nKAjcV8f38U+kP/q2vgxh0=
github.com/wasilibs/go-pgquery v0.0.0-20260728010200-155ebad2880e h1:yWIo9Ibxg0qNScjPcdaH99BfetgmYepCxs9a6TFC2LM=
github.com/wasilibs/go-pgquery v0.0.0-20260728010200-155ebad2880e/go.mod h1:ZSyYLCRbk2xPqu7lgfrDSSHm+g/7Rxk6JK4KE2cxJ3s=
github.com/wasilibs/wazero-helpers v0.0.0-20250123031827-cd30c44769bb h1:gQ+ZV4wJke/EBKYciZ2MshEouEHFuinB85dY3f5s1q8=
github.com/wasilibs/wazero-helpers v0.0.0-20250123031827-cd30c44769bb/go.mod h1:jMeV4Vpbi8osrE/pKUxRZkVaA0EX7NZN0A9/oRzgpgY=
golang.org/x/sys v0.44.0 h1:ildZl3J4uzeKP07r2F++Op7E9B29JRUy+a27EibtBTQ=
golang.org/x/sys v0.44.0/go.mod h1:4GL1E5IUh+htKOUEOaiffhrAeqysfVGipDYzABqnCmw=
google.golang.org/protobuf v1.36.11 h1:fV6ZwhNocDyBLK0dj+fg8ektcVegBBuEolpbTQyBNVE=
google.golang.org/protobuf v1.36.11/go.mod h1:HTf+CrKn2C3g5S8VImy6tdcUvCska2kB7j23XfzDpco=
gopkg.in/yaml.v3 v3.0.1 h1:fxVm/GzAzEWqLHuvctI91KS9hhNmmWOoWu0XTYJS7CA=
gopkg.in/yaml.v3 v3.0.1/go.mod h1:K4uyk7z7BCEPqu6E+C64Yfv1cQ7kz7rIZviUmN+EgEM=
